// !$*UTF8*$!
{
	archiveVersion = 1;
	classes = {
	};
	objectVersion = 46;
	objects = {

/* Begin PBXBuildFile section */
		3F235FAF1D7FC261009E851C /* AppDelegate.swift in Sources */ = {isa = PBXBuildFile; fileRef = 3F235FAE1D7FC261009E851C /* AppDelegate.swift */; };
		3F235FB11D7FC261009E851C /* ViewController.swift in Sources */ = {isa = PBXBuildFile; fileRef = 3F235FB01D7FC261009E851C /* ViewController.swift */; };
		3F235FB41D7FC261009E851C /* Main.storyboard in Resources */ = {isa = PBXBuildFile; fileRef = 3F235FB21D7FC261009E851C /* Main.storyboard */; };
		3F235FB61D7FC261009E851C /* Assets.xcassets in Resources */ = {isa = PBXBuildFile; fileRef = 3F235FB51D7FC261009E851C /* Assets.xcassets */; };
		3F235FB91D7FC261009E851C /* LaunchScreen.storyboard in Resources */ = {isa = PBXBuildFile; fileRef = 3F235FB71D7FC261009E851C /* LaunchScreen.storyboard */; };
/* End PBXBuildFile section */

/* Begin PBXFileReference section */
		3F235FAB1D7FC261009E851C /* ClaimsProject.app */ = {isa = PBXFileReference; explicitFileType = wrapper.application; includeInIndex = 0; path = ClaimsProject.app; sourceTree = BUILT_PRODUCTS_DIR; };
		3F235FAE1D7FC261009E851C /* AppDelegate.swift */ = {isa = PBXFileReference; lastKnownFileType = sourcecode.swift; path = AppDelegate.swift; sourceTree = "<group>"; };
		3F235FB01D7FC261009E851C /* ViewController.swift */ = {isa = PBXFileReference; lastKnownFileType = sourcecode.swift; path = ViewController.swift; sourceTree = "<group>"; };
		3F235FB31D7FC261009E851C /* Base */ = {isa = PBXFileReference; lastKnownFileType = file.storyboard; name = Base; path = Base.lproj/Main.storyboard; sourceTree = "<group>"; };
		3F235FB51D7FC261009E851C /* Assets.xcassets */ = {isa = PBXFileReference; lastKnownFileType = folder.assetcatalog; path = Assets.xcassets; sourceTree = "<group>"; };
		3F235FB81D7FC261009E851C /* Base */ = {isa = PBXFileReference; lastKnownFileType = file.storyboard; name = Base; path = Base.lproj/LaunchScreen.storyboard; sourceTree = "<group>"; };
		3F235FBA1D7FC261009E851C /* Info.plist */ = {isa = PBXFileReference; lastKnownFileType = text.plist.xml; path = Info.plist; sourceTree = "<group>"; };
/* End PBXFileReference section */

/* Begin PBXFrameworksBuildPhase section */
		3F235FA81D7FC261009E851C /* Frameworks */ = {
			isa = PBXFrameworksBuildPhase;
			buildActionMask = 2147483647;
			files = (
			);
			runOnlyForDeploymentPostprocessing = 0;
		};
/* End PBXFrameworksBuildPhase section */

/* Begin PBXGroup section */
		3F235FA21D7FC261009E851C = {
			isa = PBXGroup;
			children = (
				3F235FAD1D7FC261009E851C /* ClaimsProject */,
				3F235FAC1D7FC261009E851C /* Products */,
			);
			sourceTree = "<group>";
		};
		3F235FAC1D7FC261009E851C /* Products */ = {
			isa = PBXGroup;
			children = (
				3F235FAB1D7FC261009E851C /* ClaimsProject.app */,
			);
			name = Products;
			sourceTree = "<group>";
		};
		3F235FAD1D7FC261009E851C /* ClaimsProject */ = {
			isa = PBXGroup;
			children = (
				3F235FAE1D7FC261009E851C /* AppDelegate.swift */,
				3F235FB01D7FC261009E851C /* ViewController.swift */,
				3F235FB21D7FC261009E851C /* Main.storyboard */,
				3F235FB51D7FC261009E851C /* Assets.xcassets */,
				3F235FB71D7FC261009E851C /* LaunchScreen.storyboard */,
				3F235FBA1D7FC261009E851C /* Info.plist */,
			);
			path = ClaimsProject;
			sourceTree = "<group>";
		};
/* End PBXGroup section */

/* Begin PBXNativeTarget section */
		3F235FAA1D7FC261009E851C /* ClaimsProject */ = {
			isa = PBXNativeTarget;
			buildConfigurationList = 3F235FBD1D7FC261009E851C /* Build configuration list for PBXNativeTarget "ClaimsProject" */;
			buildPhases = (
				3F235FA71D7FC261009E851C /* Sources */,
				3F235FA81D7FC261009E851C /* Frameworks */,
				3F235FA91D7FC261009E851C /* Resources */,
			);
			buildRules = (
			);
			dependencies = (
			);
			name = ClaimsProject;
			productName = ClaimsProject;
			productReference = 3F235FAB1D7FC261009E851C /* ClaimsProject.app */;
			productType = "com.apple.product-type.application";
		};
/* End PBXNativeTarget section */

/* Begin PBXProject section */
		3F235FA31D7FC261009E851C /* Project object */ = {
			isa = PBXProject;
			attributes = {
				LastSwiftUpdateCheck = 0720;
				LastUpgradeCheck = 0720;
				ORGANIZATIONNAME = arvato;
				TargetAttributes = {
					3F235FAA1D7FC261009E851C = {
						CreatedOnToolsVersion = 7.2.1;
					};
				};
			};
			buildConfigurationList = 3F235FA61D7FC261009E851C /* Build configuration list for PBXProject "ClaimsProject" */;
			compatibilityVersion = "Xcode 3.2";
			developmentRegion = English;
			hasScannedForEncodings = 0;
			knownRegions = (
				en,
				Base,
			);
			mainGroup = 3F235FA21D7FC261009E851C;
			productRefGroup = 3F235FAC1D7FC261009E851C /* Products */;
			projectDirPath = "";
			projectRoot = "";
			targets = (
				3F235FAA1D7FC261009E851C /* ClaimsProject */,
			);
		};
/* End PBXProject section */

/* Begin PBXResourcesBuildPhase section */
		3F235FA91D7FC261009E851C /* Resources */ = {
			isa = PBXResourcesBuildPhase;
			buildActionMask = 2147483647;
			files = (
				3F235FB91D7FC261009E851C /* LaunchScreen.storyboard in Resources */,
				3F235FB61D7FC261009E851C /* Assets.xcassets in Resources */,
				3F235FB41D7FC261009E851C /* Main.storyboard in Resources */,
			);
			runOnlyForDeploymentPostprocessing = 0;
		};
/* End PBXResourcesBuildPhase section */

/* Begin PBXSourcesBuildPhase section */
		3F235FA71D7FC261009E851C /* Sources */ = {
			isa = PBXSourcesBuildPhase;
			buildActionMask = 2147483647;
			files = (
				3F235FB11D7FC261009E851C /* ViewController.swift in Sources */,
				3F235FAF1D7FC261009E851C /* AppDelegate.swift in Sources */,
			);
			runOnlyForDeploymentPostprocessing = 0;
		};
/* End PBXSourcesBuildPhase section */

/* Begin PBXVariantGroup section */
		3F235FB21D7FC261009E851C /* Main.storyboard */ = {
			isa = PBXVariantGroup;
			children = (
				3F235FB31D7FC261009E851C /* Base */,
			);
			name = Main.storyboard;
			sourceTree = "<group>";
		};
		3F235FB71D7FC261009E851C /* LaunchScreen.storyboard */ = {
			isa = PBXVariantGroup;
			children = (
				3F235FB81D7FC261009E851C /* Base */,
			);
			name = LaunchScreen.storyboard;
			sourceTree = "<group>";
		};
/* End PBXVariantGroup section */

/* Begin XCBuildConfiguration section */
		3F235FBB1D7FC261009E851C /* Debug */ = {
			isa = XCBuildConfiguration;
			buildSettings = {
				ALWAYS_SEARCH_USER_PATHS = NO;
				CLANG_CXX_LANGUAGE_STANDARD = "gnu++0x";
				CLANG_CXX_LIBRARY = "libc++";
				CLANG_ENABLE_MODULES = YES;
				CLANG_ENABLE_OBJC_ARC = YES;
				CLANG_WARN_BOOL_CONVERSION = YES;
				CLANG_WARN_CONSTANT_CONVERSION = YES;
				CLANG_WARN_DIRECT_OBJC_ISA_USAGE = YES_ERROR;
				CLANG_WARN_EMPTY_BODY = YES;
				CLANG_WARN_ENUM_CONVERSION = YES;
				CLANG_WARN_INT_CONVERSION = YES;
				CLANG_WARN_OBJC_ROOT_CLASS = YES_ERROR;
				CLANG_WARN_UNREACHABLE_CODE = YES;
				CLANG_WARN__DUPLICATE_METHOD_MATCH = YES;
				"CODE_SIGN_IDENTITY[sdk=iphoneos*]" = "iPhone Developer";
				COPY_PHASE_STRIP = NO;
				DEBUG_INFORMATION_FORMAT = dwarf;
				ENABLE_STRICT_OBJC_MSGSEND = YES;
				ENABLE_TESTABILITY = YES;
				GCC_C_LANGUAGE_STANDARD = gnu99;
				GCC_DYNAMIC_NO_PIC = NO;
				GCC_NO_COMMON_BLOCKS = YES;
				GCC_OPTIMIZATION_LEVEL = 0;
				GCC_PREPROCESSOR_DEFINITIONS = (
					"DEBUG=1",
					"$(inherited)",
				);
				GCC_WARN_64_TO_32_BIT_CONVERSION = YES;
				GCC_WARN_ABOUT_RETURN_TYPE = YES_ERROR;
				GCC_WARN_UNDECLARED_SELECTOR = YES;
				GCC_WARN_UNINITIALIZED_AUTOS = YES_AGGRESSIVE;
				GCC_WARN_UNUSED_FUNCTION = YES;
				GCC_WARN_UNUSED_VARIABLE = YES;
				IPHONEOS_DEPLOYMENT_TARGET = 9.2;
				MTL_ENABLE_DEBUG_INFO = YES;
				ONLY_ACTIVE_ARCH = YES;
				SDKROOT = iphoneos;
				SWIFT_OPTIMIZATION_LEVEL = "-Onone";
				TARGETED_DEVICE_FAMILY = "1,2";
			};
			name = Debug;
		};
		3F235FBC1D7FC261009E851C /* Release */ = {
			isa = XCBuildConfiguration;
			buildSettings = {
				ALWAYS_SEARCH_USER_PATHS = NO;
				CLANG_CXX_LANGUAGE_STANDARD = "gnu++0x";
				CLANG_CXX_LIBRARY = "libc++";
				CLANG_ENABLE_MODULES = YES;
				CLANG_ENABLE_OBJC_ARC = YES;
				CLANG_WARN_BOOL_CONVERSION = YES;
				CLANG_WARN_CONSTANT_CONVERSION = YES;
				CLANG_WARN_DIRECT_OBJC_ISA_USAGE = YES_ERROR;
				CLANG_WARN_EMPTY_BODY = YES;
				CLANG_WARN_ENUM_CONVERSION = YES;
				CLANG_WARN_INT_CONVERSION = YES;
				CLANG_WARN_OBJC_ROOT_CLASS = YES_ERROR;
				CLANG_WARN_UNREACHABLE_CODE = YES;
				CLANG_WARN__DUPLICATE_METHOD_MATCH = YES;
				"CODE_SIGN_IDENTITY[sdk=iphoneos*]" = "iPhone Developer";
				COPY_PHASE_STRIP = NO;
				DEBUG_INFORMATION_FORMAT = "dwarf-with-dsym";
				ENABLE_NS_ASSERTIONS = NO;
				ENABLE_STRICT_OBJC_MSGSEND = YES;
				GCC_C_LANGUAGE_STANDARD = gnu99;
				GCC_NO_COMMON_BLOCKS = YES;
				GCC_WARN_64_TO_32_BIT_CONVERSION = YES;
				GCC_WARN_ABOUT_RETURN_TYPE = YES_ERROR;
				GCC_WARN_UNDECLARED_SELECTOR = YES;
				GCC_WARN_UNINITIALIZED_AUTOS = YES_AGGRESSIVE;
				GCC_WARN_UNUSED_FUNCTION = YES;
				GCC_WARN_UNUSED_VARIABLE = YES;
				IPHONEOS_DEPLOYMENT_TARGET = 9.2;
				MTL_ENABLE_DEBUG_INFO = NO;
				SDKROOT = iphoneos;
				TARGETED_DEVICE_FAMILY = "1,2";
				VALIDATE_PRODUCT = YES;
			};
			name = Release;
		};
		3F235FBE1D7FC261009E851C /* Debug */ = {
			isa = XCBuildConfiguration;
			buildSettings = {
				ASSETCATALOG_COMPILER_APPICON_NAME = AppIcon;
				INFOPLIST_FILE = ClaimsProject/Info.plist;
				LD_RUNPATH_SEARCH_PATHS = "$(inherited) @executable_path/Frameworks";
				PRODUCT_BUNDLE_IDENTIFIER = com.arvato.ClaimsProject;
				PRODUCT_NAME = "$(TARGET_NAME)";
			};
			name = Debug;
		};
		3F235FBF1D7FC261009E851C /* Release */ = {
			isa = XCBuildConfiguration;
			buildSettings = {
				ASSETCATALOG_COMPILER_APPICON_NAME = AppIcon;
				INFOPLIST_FILE = ClaimsProject/Info.plist;
				LD_RUNPATH_SEARCH_PATHS = "$(inherited) @executable_path/Frameworks";
				PRODUCT_BUNDLE_IDENTIFIER = com.arvato.ClaimsProject;
				PRODUCT_NAME = "$(TARGET_NAME)";
			};
			name = Release;
		};
/* End XCBuildConfiguration section */

/* Begin XCConfigurationList section */
		3F235FA61D7FC261009E851C /* Build configuration list for PBXProject "ClaimsProject" */ = {
			isa = XCConfigurationList;
			buildConfigurations = (
				3F235FBB1D7FC261009E851C /* Debug */,
				3F235FBC1D7FC261009E851C /* Release */,
			);
			defaultConfigurationIsVisible = 0;
			defaultConfigurationName = Release;
		};
		3F235FBD1D7FC261009E851C /* Build configuration list for PBXNativeTarget "ClaimsProject" */ = {
			isa = XCConfigurationList;
			buildConfigurations = (
				3F235FBE1D7FC261009E851C /* Debug */,
				3F235FBF1D7FC261009E851C /* Release */,
			);
			defaultConfigurationIsVisible = 0;
		};
/* End XCConfigurationList section */
	};
	rootObject = 3F235FA31D7FC261009E851C /* Project object */;
}
